
Microsoft Visual Studio Solution File, Format Version 12.00
# Visual Studio Version 17
VisualStudioVersion = 17.12.35707.178 d17.12
MinimumVisualStudioVersion = 10.0.40219.1
Project("{FAE04EC0-301F-11D3-BF4B-00C04F79EFBC}") = "RunTracker", "RunTracker.csproj", "{95FFC36D-170C-4AE8-ABA7-3AEFAB8BCA53}"
EndProject
Global
	GlobalSection(SolutionConfigurationPlatforms) = preSolution
		Debug|Any CPU = Debug|Any CPU
		Release|Any CPU = Release|Any CPU
	EndGlobalSection
	GlobalSection(ProjectConfigurationPlatforms) = postSolution
		{95FFC36D-170C-4AE8-ABA7-3AEFAB8BCA53}.Debug|Any CPU.ActiveCfg = Debug|Any CPU
		{95FFC36D-170C-4AE8-ABA7-3AEFAB8BCA53}.Debug|Any CPU.Build.0 = Debug|Any CPU
		{95FFC36D-170C-4AE8-ABA7-3AEFAB8BCA53}.Release|Any CPU.ActiveCfg = Release|Any CPU
		{95FFC36D-170C-4AE8-ABA7-3AEFAB8BCA53}.Release|Any CPU.Build.0 = Release|Any CPU
	EndGlobalSection
	GlobalSection(SolutionProperties) = preSolution
		HideSolutionNode = FALSE
	EndGlobalSection
EndGlobal
